// !$*UTF8*$!
{
	archiveVersion = 1;
	classes = {
	};
	objectVersion = 46;
	objects = {

/* Begin PBXBuildFile section */
		112E56122073563700B637EC /* main.m in Sources */ = {isa = PBXBuildFile; fileRef = 112E56112073563700B637EC /* main.m */; };
		112E56152073563700B637EC /* AppDelegate.m in Sources */ = {isa = PBXBuildFile; fileRef = 112E56142073563700B637EC /* AppDelegate.m */; };
		112E56182073563700B637EC /* ViewController.m in Sources */ = {isa = PBXBuildFile; fileRef = 112E56172073563700B637EC /* ViewController.m */; };
		112E561B2073563700B637EC /* Main.storyboard in Resources */ = {isa = PBXBuildFile; fileRef = 112E56192073563700B637EC /* Main.storyboard */; };
		112E561E2073563700B637EC /* HelloWorld.xcdatamodeld in Sources */ = {isa = PBXBuildFile; fileRef = 112E561C2073563700B637EC /* HelloWorld.xcdatamodeld */; };
		112E56202073563700B637EC /* Assets.xcassets in Resources */ = {isa = PBXBuildFile; fileRef = 112E561F2073563700B637EC /* Assets.xcassets */; };
		112E56232073563700B637EC /* LaunchScreen.storyboard in Resources */ = {isa = PBXBuildFile; fileRef = 112E56212073563700B637EC /* LaunchScreen.storyboard */; };
/* End PBXBuildFile section */

/* Begin PBXFileReference section */
		112E560D2073563600B637EC /* HelloWorld.app */ = {isa = PBXFileReference; explicitFileType = wrapper.application; includeInIndex = 0; path = HelloWorld.app; sourceTree = BUILT_PRODUCTS_DIR; };
		112E56112073563700B637EC /* main.m */ = {isa = PBXFileReference; lastKnownFileType = sourcecode.c.objc; path = main.m; sourceTree = "<group>"; };
		112E56132073563700B637EC /* AppDelegate.h */ = {isa = PBXFileReference; lastKnownFileType = sourcecode.c.h; path = AppDelegate.h; sourceTree = "<group>"; };
		112E56142073563700B637EC /* AppDelegate.m */ = {isa = PBXFileReference; lastKnownFileType = sourcecode.c.objc; path = AppDelegate.m; sourceTree = "<group>"; };
		112E56162073563700B637EC /* ViewController.h */ = {isa = PBXFileReference; lastKnownFileType = sourcecode.c.h; path = ViewController.h; sourceTree = "<group>"; };
		112E56172073563700B637EC /* ViewController.m */ = {isa = PBXFileReference; lastKnownFileType = sourcecode.c.objc; path = ViewController.m; sourceTree = "<group>"; };
		112E561A2073563700B637EC /* Base */ = {isa = PBXFileReference; lastKnownFileType = file.storyboard; name = Base; path = Base.lproj/Main.storyboard; sourceTree = "<group>"; };
		112E561D2073563700B637EC /* HelloWorld.xcdatamodel */ = {isa = PBXFileReference; lastKnownFileType = wrapper.xcdatamodel; path = HelloWorld.xcdatamodel; sourceTree = "<group>"; };
		112E561F2073563700B637EC /* Assets.xcassets */ = {isa = PBXFileReference; lastKnownFileType = folder.assetcatalog; path = Assets.xcassets; sourceTree = "<group>"; };
		112E56222073563700B637EC /* Base */ = {isa = PBXFileReference; lastKnownFileType = file.storyboard; name = Base; path = Base.lproj/LaunchScreen.storyboard; sourceTree = "<group>"; };
		112E56242073563700B637EC /* Info.plist */ = {isa = PBXFileReference; lastKnownFileType = text.plist.xml; path = Info.plist; sourceTree = "<group>"; };
/* End PBXFileReference section */

/* Begin PBXFrameworksBuildPhase section */
		112E560A2073563600B637EC /* Frameworks */ = {
			isa = PBXFrameworksBuildPhase;
			buildActionMask = 2147483647;
			files = (
			);
			runOnlyForDeploymentPostprocessing = 0;
		};
/* End PBXFrameworksBuildPhase section */

/* Begin PBXGroup section */
		112E56042073563600B637EC = {
			isa = PBXGroup;
			children = (
				112E560F2073563600B637EC /* HelloWorld */,
				112E560E2073563600B637EC /* Products */,
			);
			sourceTree = "<group>";
		};
		112E560E2073563600B637EC /* Products */ = {
			isa = PBXGroup;
			children = (
				112E560D2073563600B637EC /* HelloWorld.app */,
			);
			name = Products;
			sourceTree = "<group>";
		};
		112E560F2073563600B637EC /* HelloWorld */ = {
			isa = PBXGroup;
			children = (
				112E56132073563700B637EC /* AppDelegate.h */,
				112E56142073563700B637EC /* AppDelegate.m */,
				112E56162073563700B637EC /* ViewController.h */,
				112E56172073563700B637EC /* ViewController.m */,
				112E56192073563700B637EC /* Main.storyboard */,
				112E561F2073563700B637EC /* Assets.xcassets */,
				112E56212073563700B637EC /* LaunchScreen.storyboard */,
				112E56242073563700B637EC /* Info.plist */,
				112E561C2073563700B637EC /* HelloWorld.xcdatamodeld */,
				112E56102073563600B637EC /* Supporting Files */,
			);
			path = HelloWorld;
			sourceTree = "<group>";
		};
		112E56102073563600B637EC /* Supporting Files */ = {
			isa = PBXGroup;
			children = (
				112E56112073563700B637EC /* main.m */,
			);
			name = "Supporting Files";
			sourceTree = "<group>";
		};
/* End PBXGroup section */

/* Begin PBXNativeTarget section */
		112E560C2073563600B637EC /* HelloWorld */ = {
			isa = PBXNativeTarget;
			buildConfigurationList = 112E56272073563700B637EC /* Build configuration list for PBXNativeTarget "HelloWorld" */;
			buildPhases = (
				112E56092073563600B637EC /* Sources */,
				112E560A2073563600B637EC /* Frameworks */,
				112E560B2073563600B637EC /* Resources */,
			);
			buildRules = (
			);
			dependencies = (
			);
			name = HelloWorld;
			productName = HelloWorld;
			productReference = 112E560D2073563600B637EC /* HelloWorld.app */;
			productType = "com.apple.product-type.application";
		};
/* End PBXNativeTarget section */

/* Begin PBXProject section */
		112E56052073563600B637EC /* Project object */ = {
			isa = PBXProject;
			attributes = {
				LastUpgradeCheck = 0820;
				ORGANIZATIONNAME = vlwebtech;
				TargetAttributes = {
					112E560C2073563600B637EC = {
						CreatedOnToolsVersion = 8.2.1;
						DevelopmentTeam = Y44NMWY76J;
						ProvisioningStyle = Automatic;
					};
				};
			};
			buildConfigurationList = 112E56082073563600B637EC /* Build configuration list for PBXProject "HelloWorld" */;
			compatibilityVersion = "Xcode 3.2";
			developmentRegion = English;
			hasScannedForEncodings = 0;
			knownRegions = (
				en,
				Base,
			);
			mainGroup = 112E56042073563600B637EC;
			productRefGroup = 112E560E2073563600B637EC /* Products */;
			projectDirPath = "";
			projectRoot = "";
			targets = (
				112E560C2073563600B637EC /* HelloWorld */,
			);
		};
/* End PBXProject section */

/* Begin PBXResourcesBuildPhase section */
		112E560B2073563600B637EC /* Resources */ = {
			isa = PBXResourcesBuildPhase;
			buildActionMask = 2147483647;
			files = (
				112E56232073563700B637EC /* LaunchScreen.storyboard in Resources */,
				112E56202073563700B637EC /* Assets.xcassets in Resources */,
				112E561B2073563700B637EC /* Main.storyboard in Resources */,
			);
			runOnlyForDeploymentPostprocessing = 0;
		};
/* End PBXResourcesBuildPhase section */

/* Begin PBXSourcesBuildPhase section */
		112E56092073563600B637EC /* Sources */ = {
			isa = PBXSourcesBuildPhase;
			buildActionMask = 2147483647;
			files = (
				112E56182073563700B637EC /* ViewController.m in Sources */,
				112E56152073563700B637EC /* AppDelegate.m in Sources */,
				112E56122073563700B637EC /* main.m in Sources */,
				112E561E2073563700B637EC /* HelloWorld.xcdatamodeld in Sources */,
			);
			runOnlyForDeploymentPostprocessing = 0;
		};
/* End PBXSourcesBuildPhase section */

/* Begin PBXVariantGroup section */
		112E56192073563700B637EC /* Main.storyboard */ = {
			isa = PBXVariantGroup;
			children = (
				112E561A2073563700B637EC /* Base */,
			);
			name = Main.storyboard;
			sourceTree = "<group>";
		};
		112E56212073563700B637EC /* LaunchScreen.storyboard */ = {
			isa = PBXVariantGroup;
			children = (
				112E56222073563700B637EC /* Base */,
			);
			name = LaunchScreen.storyboard;
			sourceTree = "<group>";
		};
/* End PBXVariantGroup section */

/* Begin XCBuildConfiguration section */
		112E56252073563700B637EC /* Debug */ = {
			isa = XCBuildConfiguration;
			buildSettings = {
				ALWAYS_SEARCH_USER_PATHS = NO;
				CLANG_ANALYZER_NONNULL = YES;
				CLANG_CXX_LANGUAGE_STANDARD = "gnu++0x";
				CLANG_CXX_LIBRARY = "libc++";
				CLANG_ENABLE_MODULES = YES;
				CLANG_ENABLE_OBJC_ARC = YES;
				CLANG_WARN_BOOL_CONVERSION = YES;
				CLANG_WARN_CONSTANT_CONVERSION = YES;
				CLANG_WARN_DIRECT_OBJC_ISA_USAGE = YES_ERROR;
				CLANG_WARN_DOCUMENTATION_COMMENTS = YES;
				CLANG_WARN_EMPTY_BODY = YES;
				CLANG_WARN_ENUM_CONVERSION = YES;
				CLANG_WARN_INFINITE_RECURSION = YES;
				CLANG_WARN_INT_CONVERSION = YES;
				CLANG_WARN_OBJC_ROOT_CLASS = YES_ERROR;
				CLANG_WARN_SUSPICIOUS_MOVE = YES;
				CLANG_WARN_UNREACHABLE_CODE = YES;
				CLANG_WARN__DUPLICATE_METHOD_MATCH = YES;
				"CODE_SIGN_IDENTITY[sdk=iphoneos*]" = "iPhone Developer";
				COPY_PHASE_STRIP = NO;
				DEBUG_INFORMATION_FORMAT = dwarf;
				ENABLE_STRICT_OBJC_MSGSEND = YES;
				ENABLE_TESTABILITY = YES;
				GCC_C_LANGUAGE_STANDARD = gnu99;
				GCC_DYNAMIC_NO_PIC = NO;
				GCC_NO_COMMON_BLOCKS = YES;
				GCC_OPTIMIZATION_LEVEL = 0;
				GCC_PREPROCESSOR_DEFINITIONS = (
					"DEBUG=1",
					"$(inherited)",
				);
				GCC_WARN_64_TO_32_BIT_CONVERSION = YES;
				GCC_WARN_ABOUT_RETURN_TYPE = YES_ERROR;
				GCC_WARN_UNDECLARED_SELECTOR = YES;
				GCC_WARN_UNINITIALIZED_AUTOS = YES_AGGRESSIVE;
				GCC_WARN_UNUSED_FUNCTION = YES;
				GCC_WARN_UNUSED_VARIABLE = YES;
				IPHONEOS_DEPLOYMENT_TARGET = 10.2;
				MTL_ENABLE_DEBUG_INFO = YES;
				ONLY_ACTIVE_ARCH = YES;
				SDKROOT = iphoneos;
				TARGETED_DEVICE_FAMILY = "1,2";
			};
			name = Debug;
		};
		112E56262073563700B637EC /* Release */ = {
			isa = XCBuildConfiguration;
			buildSettings = {
				ALWAYS_SEARCH_USER_PATHS = NO;
				CLANG_ANALYZER_NONNULL = YES;
				CLANG_CXX_LANGUAGE_STANDARD = "gnu++0x";
				CLANG_CXX_LIBRARY = "libc++";
				CLANG_ENABLE_MODULES = YES;
				CLANG_ENABLE_OBJC_ARC = YES;
				CLANG_WARN_BOOL_CONVERSION = YES;
				CLANG_WARN_CONSTANT_CONVERSION = YES;
				CLANG_WARN_DIRECT_OBJC_ISA_USAGE = YES_ERROR;
				CLANG_WARN_DOCUMENTATION_COMMENTS = YES;
				CLANG_WARN_EMPTY_BODY = YES;
				CLANG_WARN_ENUM_CONVERSION = YES;
				CLANG_WARN_INFINITE_RECURSION = YES;
				CLANG_WARN_INT_CONVERSION = YES;
				CLANG_WARN_OBJC_ROOT_CLASS = YES_ERROR;
				CLANG_WARN_SUSPICIOUS_MOVE = YES;
				CLANG_WARN_UNREACHABLE_CODE = YES;
				CLANG_WARN__DUPLICATE_METHOD_MATCH = YES;
				"CODE_SIGN_IDENTITY[sdk=iphoneos*]" = "iPhone Developer";
				COPY_PHASE_STRIP = NO;
				DEBUG_INFORMATION_FORMAT = "dwarf-with-dsym";
				ENABLE_NS_ASSERTIONS = NO;
				ENABLE_STRICT_OBJC_MSGSEND = YES;
				GCC_C_LANGUAGE_STANDARD = gnu99;
				GCC_NO_COMMON_BLOCKS = YES;
				GCC_WARN_64_TO_32_BIT_CONVERSION = YES;
				GCC_WARN_ABOUT_RETURN_TYPE = YES_ERROR;
				GCC_WARN_UNDECLARED_SELECTOR = YES;
				GCC_WARN_UNINITIALIZED_AUTOS = YES_AGGRESSIVE;
				GCC_WARN_UNUSED_FUNCTION = YES;
				GCC_WARN_UNUSED_VARIABLE = YES;
				IPHONEOS_DEPLOYMENT_TARGET = 10.2;
				MTL_ENABLE_DEBUG_INFO = NO;
				SDKROOT = iphoneos;
				TARGETED_DEVICE_FAMILY = "1,2";
				VALIDATE_PRODUCT = YES;
			};
			name = Release;
		};
		112E56282073563700B637EC /* Debug */ = {
			isa = XCBuildConfiguration;
			buildSettings = {
				ASSETCATALOG_COMPILER_APPICON_NAME = AppIcon;
				DEVELOPMENT_TEAM = Y44NMWY76J;
				INFOPLIST_FILE = HelloWorld/Info.plist;
				LD_RUNPATH_SEARCH_PATHS = "$(inherited) @executable_path/Frameworks";
				PRODUCT_BUNDLE_IDENTIFIER = vlwebtech.HelloWorld;
				PRODUCT_NAME = "$(TARGET_NAME)";
			};
			name = Debug;
		};
		112E56292073563700B637EC /* Release */ = {
			isa = XCBuildConfiguration;
			buildSettings = {
				ASSETCATALOG_COMPILER_APPICON_NAME = AppIcon;
				DEVELOPMENT_TEAM = Y44NMWY76J;
				INFOPLIST_FILE = HelloWorld/Info.plist;
				LD_RUNPATH_SEARCH_PATHS = "$(inherited) @executable_path/Frameworks";
				PRODUCT_BUNDLE_IDENTIFIER = vlwebtech.HelloWorld;
				PRODUCT_NAME = "$(TARGET_NAME)";
			};
			name = Release;
		};
/* End XCBuildConfiguration section */

/* Begin XCConfigurationList section */
		112E56082073563600B637EC /* Build configuration list for PBXProject "HelloWorld" */ = {
			isa = XCConfigurationList;
			buildConfigurations = (
				112E56252073563700B637EC /* Debug */,
				112E56262073563700B637EC /* Release */,
			);
			defaultConfigurationIsVisible = 0;
			defaultConfigurationName = Release;
		};
		112E56272073563700B637EC /* Build configuration list for PBXNativeTarget "HelloWorld" */ = {
			isa = XCConfigurationList;
			buildConfigurations = (
				112E56282073563700B637EC /* Debug */,
				112E56292073563700B637EC /* Release */,
			);
			defaultConfigurationIsVisible = 0;
		};
/* End XCConfigurationList section */

/* Begin XCVersionGroup section */
		112E561C2073563700B637EC /* HelloWorld.xcdatamodeld */ = {
			isa = XCVersionGroup;
			children = (
				112E561D2073563700B637EC /* HelloWorld.xcdatamodel */,
			);
			currentVersion = 112E561D2073563700B637EC /* HelloWorld.xcdatamodel */;
			path = HelloWorld.xcdatamodeld;
			sourceTree = "<group>";
			versionGroupType = wrapper.xcdatamodel;
		};
/* End XCVersionGroup section */
	};
	rootObject = 112E56052073563600B637EC /* Project object */;
}
